
Microsoft Visual Studio Solution File, Format Version 12.00
# Visual Studio Version 17
VisualStudioVersion = 17.3.32901.215
MinimumVisualStudioVersion = 10.0.40219.1
Project("{9A19103F-16F7-4668-BE54-9A1E7A4F7556}") = "API", "API\API.csproj", "{08E5EF40-D8D8-4917-AA99-00E3BFB875C9}"
EndProject
Project("{9A19103F-16F7-4668-BE54-9A1E7A4F7556}") = "Domain", "Domain\Domain.csproj", "{D8BFE331-4607-4DD2-87E2-83E5C82F228D}"
EndProject
Project("{9A19103F-16F7-4668-BE54-9A1E7A4F7556}") = "Infrastructure", "Infrastructure\Infrastructure.csproj", "{CE73E707-75FF-412F-88FA-EF28F2A448F7}"
EndProject
Project("{9A19103F-16F7-4668-BE54-9A1E7A4F7556}") = "Services", "Services\Services.csproj", "{35218044-87D2-4BCD-B156-7000BCC625A7}"
EndProject
Project("{2150E333-8FDC-42A3-9474-1A3956D46DE8}") = "Src", "Src", "{8194F483-9288-4342-B6BD-923DDA772143}"
EndProject
Project("{2150E333-8FDC-42A3-9474-1A3956D46DE8}") = "Tests", "Tests", "{2D49ABB1-B73E-427A-B77F-ACC5EB4B7CC3}"
EndProject
Project("{FAE04EC0-301F-11D3-BF4B-00C04F79EFBC}") = "Core", "Core\Core.csproj", "{CEA75512-B690-4534-98F7-4BBDD5F2DCCC}"
EndProject
Global
	GlobalSection(SolutionConfigurationPlatforms) = preSolution
		Debug|Any CPU = Debug|Any CPU
		Release|Any CPU = Release|Any CPU
	EndGlobalSection
	GlobalSection(ProjectConfigurationPlatforms) = postSolution
		{08E5EF40-D8D8-4917-AA99-00E3BFB875C9}.Debug|Any CPU.ActiveCfg = Debug|Any CPU
		{08E5EF40-D8D8-4917-AA99-00E3BFB875C9}.Debug|Any CPU.Build.0 = Debug|Any CPU
		{08E5EF40-D8D8-4917-AA99-00E3BFB875C9}.Release|Any CPU.ActiveCfg = Release|Any CPU
		{08E5EF40-D8D8-4917-AA99-00E3BFB875C9}.Release|Any CPU.Build.0 = Release|Any CPU
		{D8BFE331-4607-4DD2-87E2-83E5C82F228D}.Debug|Any CPU.ActiveCfg = Debug|Any CPU
		{D8BFE331-4607-4DD2-87E2-83E5C82F228D}.Debug|Any CPU.Build.0 = Debug|Any CPU
		{D8BFE331-4607-4DD2-87E2-83E5C82F228D}.Release|Any CPU.ActiveCfg = Release|Any CPU
		{D8BFE331-4607-4DD2-87E2-83E5C82F228D}.Release|Any CPU.Build.0 = Release|Any CPU
		{CE73E707-75FF-412F-88FA-EF28F2A448F7}.Debug|Any CPU.ActiveCfg = Debug|Any CPU
		{CE73E707-75FF-412F-88FA-EF28F2A448F7}.Debug|Any CPU.Build.0 = Debug|Any CPU
		{CE73E707-75FF-412F-88FA-EF28F2A448F7}.Release|Any CPU.ActiveCfg = Release|Any CPU
		{CE73E707-75FF-412F-88FA-EF28F2A448F7}.Release|Any CPU.Build.0 = Release|Any CPU
		{35218044-87D2-4BCD-B156-7000BCC625A7}.Debug|Any CPU.ActiveCfg = Debug|Any CPU
		{35218044-87D2-4BCD-B156-7000BCC625A7}.Debug|Any CPU.Build.0 = Debug|Any CPU
		{35218044-87D2-4BCD-B156-7000BCC625A7}.Release|Any CPU.ActiveCfg = Release|Any CPU
		{35218044-87D2-4BCD-B156-7000BCC625A7}.Release|Any CPU.Build.0 = Release|Any CPU
		{CEA75512-B690-4534-98F7-4BBDD5F2DCCC}.Debug|Any CPU.ActiveCfg = Debug|Any CPU
		{CEA75512-B690-4534-98F7-4BBDD5F2DCCC}.Debug|Any CPU.Build.0 = Debug|Any CPU
		{CEA75512-B690-4534-98F7-4BBDD5F2DCCC}.Release|Any CPU.ActiveCfg = Release|Any CPU
		{CEA75512-B690-4534-98F7-4BBDD5F2DCCC}.Release|Any CPU.Build.0 = Release|Any CPU
	EndGlobalSection
	GlobalSection(SolutionProperties) = preSolution
		HideSolutionNode = FALSE
	EndGlobalSection
	GlobalSection(NestedProjects) = preSolution
		{08E5EF40-D8D8-4917-AA99-00E3BFB875C9} = {8194F483-9288-4342-B6BD-923DDA772143}
		{D8BFE331-4607-4DD2-87E2-83E5C82F228D} = {8194F483-9288-4342-B6BD-923DDA772143}
		{CE73E707-75FF-412F-88FA-EF28F2A448F7} = {8194F483-9288-4342-B6BD-923DDA772143}
		{35218044-87D2-4BCD-B156-7000BCC625A7} = {8194F483-9288-4342-B6BD-923DDA772143}
		{CEA75512-B690-4534-98F7-4BBDD5F2DCCC} = {8194F483-9288-4342-B6BD-923DDA772143}
	EndGlobalSection
	GlobalSection(ExtensibilityGlobals) = postSolution
		SolutionGuid = {0C84D55C-4F64-420B-9952-3AA7B1BC558C}
	EndGlobalSection
EndGlobal
